
Microsoft Visual Studio Solution File, Format Version 12.00
# Visual Studio Version 17
VisualStudioVersion = 17.6.33815.320
MinimumVisualStudioVersion = 10.0.40219.1
Project("{2150E333-8FDC-42A3-9474-1A3956D46DE8}") = "Services", "Services", "{849B6B77-40F2-4758-939C-D759E8AF30AE}"
EndProject
Project("{2150E333-8FDC-42A3-9474-1A3956D46DE8}") = "Catalog", "Catalog", "{2950DFAB-E03B-4656-BB5F-68C361896263}"
EndProject
Project("{9A19103F-16F7-4668-BE54-9A1E7A4F7556}") = "FreeCourse.Services.Catalog", "Services\Catalog\FreeCourse.Services.Catalog\FreeCourse.Services.Catalog.csproj", "{1E873C93-469D-4917-B1D8-00325F15C0C9}"
EndProject
Project("{2150E333-8FDC-42A3-9474-1A3956D46DE8}") = "Solution Items", "Solution Items", "{0B05E673-4FC5-4934-AC86-85D08D26EECB}"
	ProjectSection(SolutionItems) = preProject
		Ports.txt = Ports.txt
	EndProjectSection
EndProject
Project("{2150E333-8FDC-42A3-9474-1A3956D46DE8}") = "Shared", "Shared", "{2E0DCED7-BBDF-4FB1-90C6-D0B952A16C1C}"
EndProject
Project("{9A19103F-16F7-4668-BE54-9A1E7A4F7556}") = "FreeCourse.Shared", "Shared\FreeCourse.Shared\FreeCourse.Shared.csproj", "{7B8A1E2F-0901-491F-9958-8E8F91A02597}"
EndProject
Project("{2150E333-8FDC-42A3-9474-1A3956D46DE8}") = "IdentityServer", "IdentityServer", "{62A928B4-1A8B-45B3-83D2-26A844B5DFE7}"
EndProject
Project("{9A19103F-16F7-4668-BE54-9A1E7A4F7556}") = "FreeCourse.IdentityServer", "IdentityServer\FreeCourse.IdentityServer\FreeCourse.IdentityServer.csproj", "{063D0CA6-B52A-4337-9DFE-C167791E7CAC}"
EndProject
Project("{2150E333-8FDC-42A3-9474-1A3956D46DE8}") = "PhotoStock", "PhotoStock", "{0783214E-EA6C-41BF-A124-81795A2514E6}"
EndProject
Project("{9A19103F-16F7-4668-BE54-9A1E7A4F7556}") = "FreeCourse.Services.PhotoStock", "Services\PhotoStock\FreeCourse.Services.PhotoStock\FreeCourse.Services.PhotoStock.csproj", "{C8FF5972-5882-4C0D-94FA-FA1977F4C1FB}"
EndProject
Project("{2150E333-8FDC-42A3-9474-1A3956D46DE8}") = "Basket", "Basket", "{7216D1F3-2EC1-4F4C-8C53-4C21F0F39639}"
EndProject
Project("{9A19103F-16F7-4668-BE54-9A1E7A4F7556}") = "FreeCourse.Services.Basket", "Services\Basket\FreeCourse.Services.Basket\FreeCourse.Services.Basket.csproj", "{088266AD-D1BD-4A5D-B092-29763DF3D911}"
EndProject
Project("{2150E333-8FDC-42A3-9474-1A3956D46DE8}") = "Discount", "Discount", "{A985111B-F293-4C24-83BE-9AAE945393CA}"
EndProject
Project("{9A19103F-16F7-4668-BE54-9A1E7A4F7556}") = "FreeCourse.Services.Discount", "Services\Discount\FreeCourse.Services.Discount\FreeCourse.Services.Discount.csproj", "{223E095A-0CAF-41BD-8DD4-377F7BF6C5D9}"
EndProject
Project("{2150E333-8FDC-42A3-9474-1A3956D46DE8}") = "Order", "Order", "{9007BE41-8761-4627-9AD8-2EBBF6CF60B3}"
EndProject
Project("{9A19103F-16F7-4668-BE54-9A1E7A4F7556}") = "FreeCourse.Services.Order.API", "Services\Order\FreeCourse.Services.Order.API\FreeCourse.Services.Order.API.csproj", "{3C4D671D-B5C0-4C36-900B-37ACBC688DA2}"
EndProject
Project("{9A19103F-16F7-4668-BE54-9A1E7A4F7556}") = "FreeCourse.Services.Order.Application", "Services\Order\FreeCourse.Services.Order.Application\FreeCourse.Services.Order.Application.csproj", "{25791D4D-BDBB-4783-883E-A5ECDE4E4E4F}"
EndProject
Project("{9A19103F-16F7-4668-BE54-9A1E7A4F7556}") = "FreeCourse.Services.Order.Domain", "Services\Order\FreeCourse.Services.Order.Domain\FreeCourse.Services.Order.Domain.csproj", "{AF291DE3-FDE9-4F02-8940-213069B70212}"
EndProject
Project("{9A19103F-16F7-4668-BE54-9A1E7A4F7556}") = "FreeCourse.Services.Order.Domain.Core", "Services\Order\FreeCourse.Services.Order.Domain.Core\FreeCourse.Services.Order.Domain.Core.csproj", "{A8520449-3833-4B3D-82D1-143651062FFA}"
EndProject
Project("{9A19103F-16F7-4668-BE54-9A1E7A4F7556}") = "FreeCourse.Services.Order.Infrastructure", "Services\Order\FreeCourse.Services.Order.Infrastructure\FreeCourse.Services.Order.Infrastructure.csproj", "{7D3CB7E8-0816-42AB-9653-40DF112DC0E4}"
EndProject
Project("{2150E333-8FDC-42A3-9474-1A3956D46DE8}") = "FakePayment", "FakePayment", "{32939D9F-A142-4FBD-8BBA-BA581050EA58}"
EndProject
Project("{FAE04EC0-301F-11D3-BF4B-00C04F79EFBC}") = "FreeCourse.Services.FakePayment", "Services\FakePayment\FreeCourse.Services.FakePayment\FreeCourse.Services.FakePayment.csproj", "{D0BBCC9E-615F-43F6-9973-C3767F515703}"
EndProject
Global
	GlobalSection(SolutionConfigurationPlatforms) = preSolution
		Debug|Any CPU = Debug|Any CPU
		Release|Any CPU = Release|Any CPU
	EndGlobalSection
	GlobalSection(ProjectConfigurationPlatforms) = postSolution
		{1E873C93-469D-4917-B1D8-00325F15C0C9}.Debug|Any CPU.ActiveCfg = Debug|Any CPU
		{1E873C93-469D-4917-B1D8-00325F15C0C9}.Debug|Any CPU.Build.0 = Debug|Any CPU
		{1E873C93-469D-4917-B1D8-00325F15C0C9}.Release|Any CPU.ActiveCfg = Release|Any CPU
		{1E873C93-469D-4917-B1D8-00325F15C0C9}.Release|Any CPU.Build.0 = Release|Any CPU
		{7B8A1E2F-0901-491F-9958-8E8F91A02597}.Debug|Any CPU.ActiveCfg = Debug|Any CPU
		{7B8A1E2F-0901-491F-9958-8E8F91A02597}.Debug|Any CPU.Build.0 = Debug|Any CPU
		{7B8A1E2F-0901-491F-9958-8E8F91A02597}.Release|Any CPU.ActiveCfg = Release|Any CPU
		{7B8A1E2F-0901-491F-9958-8E8F91A02597}.Release|Any CPU.Build.0 = Release|Any CPU
		{063D0CA6-B52A-4337-9DFE-C167791E7CAC}.Debug|Any CPU.ActiveCfg = Debug|Any CPU
		{063D0CA6-B52A-4337-9DFE-C167791E7CAC}.Debug|Any CPU.Build.0 = Debug|Any CPU
		{063D0CA6-B52A-4337-9DFE-C167791E7CAC}.Release|Any CPU.ActiveCfg = Release|Any CPU
		{063D0CA6-B52A-4337-9DFE-C167791E7CAC}.Release|Any CPU.Build.0 = Release|Any CPU
		{C8FF5972-5882-4C0D-94FA-FA1977F4C1FB}.Debug|Any CPU.ActiveCfg = Debug|Any CPU
		{C8FF5972-5882-4C0D-94FA-FA1977F4C1FB}.Debug|Any CPU.Build.0 = Debug|Any CPU
		{C8FF5972-5882-4C0D-94FA-FA1977F4C1FB}.Release|Any CPU.ActiveCfg = Release|Any CPU
		{C8FF5972-5882-4C0D-94FA-FA1977F4C1FB}.Release|Any CPU.Build.0 = Release|Any CPU
		{088266AD-D1BD-4A5D-B092-29763DF3D911}.Debug|Any CPU.ActiveCfg = Debug|Any CPU
		{088266AD-D1BD-4A5D-B092-29763DF3D911}.Debug|Any CPU.Build.0 = Debug|Any CPU
		{088266AD-D1BD-4A5D-B092-29763DF3D911}.Release|Any CPU.ActiveCfg = Release|Any CPU
		{088266AD-D1BD-4A5D-B092-29763DF3D911}.Release|Any CPU.Build.0 = Release|Any CPU
		{223E095A-0CAF-41BD-8DD4-377F7BF6C5D9}.Debug|Any CPU.ActiveCfg = Debug|Any CPU
		{223E095A-0CAF-41BD-8DD4-377F7BF6C5D9}.Debug|Any CPU.Build.0 = Debug|Any CPU
		{223E095A-0CAF-41BD-8DD4-377F7BF6C5D9}.Release|Any CPU.ActiveCfg = Release|Any CPU
		{223E095A-0CAF-41BD-8DD4-377F7BF6C5D9}.Release|Any CPU.Build.0 = Release|Any CPU
		{3C4D671D-B5C0-4C36-900B-37ACBC688DA2}.Debug|Any CPU.ActiveCfg = Debug|Any CPU
		{3C4D671D-B5C0-4C36-900B-37ACBC688DA2}.Debug|Any CPU.Build.0 = Debug|Any CPU
		{3C4D671D-B5C0-4C36-900B-37ACBC688DA2}.Release|Any CPU.ActiveCfg = Release|Any CPU
		{3C4D671D-B5C0-4C36-900B-37ACBC688DA2}.Release|Any CPU.Build.0 = Release|Any CPU
		{25791D4D-BDBB-4783-883E-A5ECDE4E4E4F}.Debug|Any CPU.ActiveCfg = Debug|Any CPU
		{25791D4D-BDBB-4783-883E-A5ECDE4E4E4F}.Debug|Any CPU.Build.0 = Debug|Any CPU
		{25791D4D-BDBB-4783-883E-A5ECDE4E4E4F}.Release|Any CPU.ActiveCfg = Release|Any CPU
		{25791D4D-BDBB-4783-883E-A5ECDE4E4E4F}.Release|Any CPU.Build.0 = Release|Any CPU
		{AF291DE3-FDE9-4F02-8940-213069B70212}.Debug|Any CPU.ActiveCfg = Debug|Any CPU
		{AF291DE3-FDE9-4F02-8940-213069B70212}.Debug|Any CPU.Build.0 = Debug|Any CPU
		{AF291DE3-FDE9-4F02-8940-213069B70212}.Release|Any CPU.ActiveCfg = Release|Any CPU
		{AF291DE3-FDE9-4F02-8940-213069B70212}.Release|Any CPU.Build.0 = Release|Any CPU
		{A8520449-3833-4B3D-82D1-143651062FFA}.Debug|Any CPU.ActiveCfg = Debug|Any CPU
		{A8520449-3833-4B3D-82D1-143651062FFA}.Debug|Any CPU.Build.0 = Debug|Any CPU
		{A8520449-3833-4B3D-82D1-143651062FFA}.Release|Any CPU.ActiveCfg = Release|Any CPU
		{A8520449-3833-4B3D-82D1-143651062FFA}.Release|Any CPU.Build.0 = Release|Any CPU
		{7D3CB7E8-0816-42AB-9653-40DF112DC0E4}.Debug|Any CPU.ActiveCfg = Debug|Any CPU
		{7D3CB7E8-0816-42AB-9653-40DF112DC0E4}.Debug|Any CPU.Build.0 = Debug|Any CPU
		{7D3CB7E8-0816-42AB-9653-40DF112DC0E4}.Release|Any CPU.ActiveCfg = Release|Any CPU
		{7D3CB7E8-0816-42AB-9653-40DF112DC0E4}.Release|Any CPU.Build.0 = Release|Any CPU
		{D0BBCC9E-615F-43F6-9973-C3767F515703}.Debug|Any CPU.ActiveCfg = Debug|Any CPU
		{D0BBCC9E-615F-43F6-9973-C3767F515703}.Debug|Any CPU.Build.0 = Debug|Any CPU
		{D0BBCC9E-615F-43F6-9973-C3767F515703}.Release|Any CPU.ActiveCfg = Release|Any CPU
		{D0BBCC9E-615F-43F6-9973-C3767F515703}.Release|Any CPU.Build.0 = Release|Any CPU
	EndGlobalSection
	GlobalSection(SolutionProperties) = preSolution
		HideSolutionNode = FALSE
	EndGlobalSection
	GlobalSection(NestedProjects) = preSolution
		{2950DFAB-E03B-4656-BB5F-68C361896263} = {849B6B77-40F2-4758-939C-D759E8AF30AE}
		{1E873C93-469D-4917-B1D8-00325F15C0C9} = {2950DFAB-E03B-4656-BB5F-68C361896263}
		{7B8A1E2F-0901-491F-9958-8E8F91A02597} = {2E0DCED7-BBDF-4FB1-90C6-D0B952A16C1C}
		{063D0CA6-B52A-4337-9DFE-C167791E7CAC} = {62A928B4-1A8B-45B3-83D2-26A844B5DFE7}
		{0783214E-EA6C-41BF-A124-81795A2514E6} = {849B6B77-40F2-4758-939C-D759E8AF30AE}
		{C8FF5972-5882-4C0D-94FA-FA1977F4C1FB} = {0783214E-EA6C-41BF-A124-81795A2514E6}
		{7216D1F3-2EC1-4F4C-8C53-4C21F0F39639} = {849B6B77-40F2-4758-939C-D759E8AF30AE}
		{088266AD-D1BD-4A5D-B092-29763DF3D911} = {7216D1F3-2EC1-4F4C-8C53-4C21F0F39639}
		{A985111B-F293-4C24-83BE-9AAE945393CA} = {849B6B77-40F2-4758-939C-D759E8AF30AE}
		{223E095A-0CAF-41BD-8DD4-377F7BF6C5D9} = {A985111B-F293-4C24-83BE-9AAE945393CA}
		{9007BE41-8761-4627-9AD8-2EBBF6CF60B3} = {849B6B77-40F2-4758-939C-D759E8AF30AE}
		{3C4D671D-B5C0-4C36-900B-37ACBC688DA2} = {9007BE41-8761-4627-9AD8-2EBBF6CF60B3}
		{25791D4D-BDBB-4783-883E-A5ECDE4E4E4F} = {9007BE41-8761-4627-9AD8-2EBBF6CF60B3}
		{AF291DE3-FDE9-4F02-8940-213069B70212} = {9007BE41-8761-4627-9AD8-2EBBF6CF60B3}
		{A8520449-3833-4B3D-82D1-143651062FFA} = {9007BE41-8761-4627-9AD8-2EBBF6CF60B3}
		{7D3CB7E8-0816-42AB-9653-40DF112DC0E4} = {9007BE41-8761-4627-9AD8-2EBBF6CF60B3}
		{32939D9F-A142-4FBD-8BBA-BA581050EA58} = {849B6B77-40F2-4758-939C-D759E8AF30AE}
		{D0BBCC9E-615F-43F6-9973-C3767F515703} = {32939D9F-A142-4FBD-8BBA-BA581050EA58}
	EndGlobalSection
	GlobalSection(ExtensibilityGlobals) = postSolution
		SolutionGuid = {26200C69-5962-4387-8A0F-22664F544A2E}
	EndGlobalSection
EndGlobal
